
Microsoft Visual Studio Solution File, Format Version 12.00
# Visual Studio Version 17
VisualStudioVersion = 17.6.33815.320
MinimumVisualStudioVersion = 10.0.40219.1
Project("{FAE04EC0-301F-11D3-BF4B-00C04F79EFBC}") = "QLVT", "QLVT.csproj", "{5533A1D2-B3F3-436B-8491-D00B55C1395A}"
EndProject
Global
	GlobalSection(SolutionConfigurationPlatforms) = preSolution
		Debug|Any CPU = Debug|Any CPU
		Release|Any CPU = Release|Any CPU
	EndGlobalSection
	GlobalSection(ProjectConfigurationPlatforms) = postSolution
		{5533A1D2-B3F3-436B-8491-D00B55C1395A}.Debug|Any CPU.ActiveCfg = Debug|Any CPU
		{5533A1D2-B3F3-436B-8491-D00B55C1395A}.Debug|Any CPU.Build.0 = Debug|Any CPU
		{5533A1D2-B3F3-436B-8491-D00B55C1395A}.Release|Any CPU.ActiveCfg = Release|Any CPU
		{5533A1D2-B3F3-436B-8491-D00B55C1395A}.Release|Any CPU.Build.0 = Release|Any CPU
	EndGlobalSection
	GlobalSection(SolutionProperties) = preSolution
		HideSolutionNode = FALSE
	EndGlobalSection
	GlobalSection(ExtensibilityGlobals) = postSolution
		SolutionGuid = {5B17F030-6637-4B6E-9EF4-8B16CF686406}
	EndGlobalSection
EndGlobal
